
Microsoft Visual Studio Solution File, Format Version 12.00
# Visual Studio 2013
VisualStudioVersion = 12.0.31101.0
MinimumVisualStudioVersion = 10.0.40219.1
Project("{FAE04EC0-301F-11D3-BF4B-00C04F79EFBC}") = "Minesweeper", "Minesweeper\Minesweeper.csproj", "{836847D9-2FD3-4D80-B944-C00103C0F162}"
EndProject
Project("{FAE04EC0-301F-11D3-BF4B-00C04F79EFBC}") = "People", "People\People.csproj", "{08AFE69B-FEB8-42B2-A38A-85A0AE47E743}"
EndProject
Project("{FAE04EC0-301F-11D3-BF4B-00C04F79EFBC}") = "VariablePrinter", "VariablePrinter\VariablePrinter.csproj", "{2B296A06-2207-4DB4-8C50-272066C1A47C}"
EndProject
Global
	GlobalSection(SolutionConfigurationPlatforms) = preSolution
		Debug|Any CPU = Debug|Any CPU
		Release|Any CPU = Release|Any CPU
	EndGlobalSection
	GlobalSection(ProjectConfigurationPlatforms) = postSolution
		{836847D9-2FD3-4D80-B944-C00103C0F162}.Debug|Any CPU.ActiveCfg = Debug|Any CPU
		{836847D9-2FD3-4D80-B944-C00103C0F162}.Debug|Any CPU.Build.0 = Debug|Any CPU
		{836847D9-2FD3-4D80-B944-C00103C0F162}.Release|Any CPU.ActiveCfg = Release|Any CPU
		{836847D9-2FD3-4D80-B944-C00103C0F162}.Release|Any CPU.Build.0 = Release|Any CPU
		{08AFE69B-FEB8-42B2-A38A-85A0AE47E743}.Debug|Any CPU.ActiveCfg = Debug|Any CPU
		{08AFE69B-FEB8-42B2-A38A-85A0AE47E743}.Debug|Any CPU.Build.0 = Debug|Any CPU
		{08AFE69B-FEB8-42B2-A38A-85A0AE47E743}.Release|Any CPU.ActiveCfg = Release|Any CPU
		{08AFE69B-FEB8-42B2-A38A-85A0AE47E743}.Release|Any CPU.Build.0 = Release|Any CPU
		{2B296A06-2207-4DB4-8C50-272066C1A47C}.Debug|Any CPU.ActiveCfg = Debug|Any CPU
		{2B296A06-2207-4DB4-8C50-272066C1A47C}.Debug|Any CPU.Build.0 = Debug|Any CPU
		{2B296A06-2207-4DB4-8C50-272066C1A47C}.Release|Any CPU.ActiveCfg = Release|Any CPU
		{2B296A06-2207-4DB4-8C50-272066C1A47C}.Release|Any CPU.Build.0 = Release|Any CPU
	EndGlobalSection
	GlobalSection(SolutionProperties) = preSolution
		HideSolutionNode = FALSE
	EndGlobalSection
EndGlobal
